
Microsoft Visual Studio Solution File, Format Version 12.00
# Visual Studio Version 16
VisualStudioVersion = 16.0.29025.244
MinimumVisualStudioVersion = 10.0.40219.1
Project("{FAE04EC0-301F-11D3-BF4B-00C04F79EFBC}") = "DarkMagicBoi", "DarkMagicBoi\DarkMagicBoi.csproj", "{D7E639ED-700C-4E87-B5E7-B7903A3620AA}"
EndProject
Global
	GlobalSection(SolutionConfigurationPlatforms) = preSolution
		Debug|Any CPU = Debug|Any CPU
		Release|Any CPU = Release|Any CPU
	EndGlobalSection
	GlobalSection(ProjectConfigurationPlatforms) = postSolution
		{D7E639ED-700C-4E87-B5E7-B7903A3620AA}.Debug|Any CPU.ActiveCfg = Debug|Any CPU
		{D7E639ED-700C-4E87-B5E7-B7903A3620AA}.Debug|Any CPU.Build.0 = Debug|Any CPU
		{D7E639ED-700C-4E87-B5E7-B7903A3620AA}.Release|Any CPU.ActiveCfg = Release|Any CPU
		{D7E639ED-700C-4E87-B5E7-B7903A3620AA}.Release|Any CPU.Build.0 = Release|Any CPU
	EndGlobalSection
	GlobalSection(SolutionProperties) = preSolution
		HideSolutionNode = FALSE
	EndGlobalSection
	GlobalSection(ExtensibilityGlobals) = postSolution
		SolutionGuid = {759FB848-80B3-46D6-8897-C5C2F3ECFA0C}
	EndGlobalSection
EndGlobal
